{
  "version": 4,
  "terraform_version": "1.6.6",
  "serial": 346,
  "lineage": "e7fb7873-2368-fca2-56b1-12cdc2d979fe",
  "outputs": {
    "data_fetched": {
      "value": "this contains the text to read",
      "type": "string"
    },
    "file1_content": {
      "value": [
        "Hello guys, 123new modification. this is the first terraform code. modifying content",
        "Hello guys, 123new modification. this is the first terraform code. modifying content",
        "Hello guys, 123new modification. this is the first terraform code. modifying content",
        "Hello guys, 123new modification. this is the first terraform code. modifying content",
        "Hello guys, 123new modification. this is the first terraform code. modifying content",
        "Hello guys, 123new modification. this is the first terraform code. modifying content"
      ],
      "type": [
        "tuple",
        [
          "string",
          "string",
          "string",
          "string",
          "string",
          "string"
        ]
      ]
    },
    "filename1": {
      "value": [
        "file1.txt",
        "file2.txt",
        "file3.txt",
        "file4.txt",
        "file5.txt",
        "file6.txt"
      ],
      "type": [
        "tuple",
        [
          "string",
          "string",
          "string",
          "string",
          "string",
          "string"
        ]
      ]
    },
    "filename2": {
      "value": "filenew.txt",
      "type": "string"
    },
    "petname": {
      "value": "Mr-poorly-strangely-daily-secretly-forcibly-composed-marten",
      "type": "string"
    }
  },
  "resources": [
    {
      "mode": "data",
      "type": "local_file",
      "name": "read_mydata",
      "provider": "provider[\"registry.terraform.io/hashicorp/local\"]",
      "instances": [
        {
          "schema_version": 0,
          "attributes": {
            "content": "this contains the text to read",
            "content_base64": "dGhpcyBjb250YWlucyB0aGUgdGV4dCB0byByZWFk",
            "content_base64sha256": "ropy3XviDQE5MUJwI+Ic8UPyr2PhqjWKqiEkHNoucFM=",
            "content_base64sha512": "v8nQsS59djKVkc56lEW+68TcHTtLUCmP97vXM824ziajacinTQBcyG9YmXFArhrHApT35HZt9JH3uam/HED0uQ==",
            "content_md5": "9398cb77357f280b119fbfc033dbf1ab",
            "content_sha1": "276fee857617db5ac7fbcd68e7f9771bea776af0",
            "content_sha256": "ae8a72dd7be20d013931427023e21cf143f2af63e1aa358aaa21241cda2e7053",
            "content_sha512": "bfc9d0b12e7d76329591ce7a9445beebc4dc1d3b4b50298ff7bbd733cdb8ce26a369c8a74d005cc86f58997140ae1ac70294f7e4766df491f7b9a9bf1c40f4b9",
            "filename": "mydata.txt",
            "id": "276fee857617db5ac7fbcd68e7f9771bea776af0"
          },
          "sensitive_attributes": []
        }
      ]
    },
    {
      "mode": "managed",
      "type": "local_file",
      "name": "my_file",
      "provider": "provider[\"registry.terraform.io/hashicorp/local\"]",
      "instances": [
        {
          "index_key": 0,
          "schema_version": 0,
          "attributes": {
            "content": "Hello guys, 123new modification. this is the first terraform code. modifying content",
            "content_base64": null,
            "content_base64sha256": "JH54MT9ha8DHAYkg7N/PjdD92/lMvuHLO5lLbHKc5co=",
            "content_base64sha512": "org3MjKtupuQCg6kxm/6R8YNyk6fMFOgsO8LITH9D6Mnss2p608N/tZePxFCiwCKfcHJnmZ2VX5nUNWBwpWH/Q==",
            "content_md5": "e3654a7fb257b33d6a5f97f305faca2e",
            "content_sha1": "289275b31fd38b6cf805438b7d3c5279dd6026d2",
            "content_sha256": "247e78313f616bc0c7018920ecdfcf8dd0fddbf94cbee1cb3b994b6c729ce5ca",
            "content_sha512": "a2b8373232adba9b900a0ea4c66ffa47c60dca4e9f3053a0b0ef0b2131fd0fa327b2cda9eb4f0dfed65e3f11428b008a7dc1c99e6676557e6750d581c29587fd",
            "directory_permission": "0777",
            "file_permission": "0777",
            "filename": "file1.txt",
            "id": "289275b31fd38b6cf805438b7d3c5279dd6026d2",
            "sensitive_content": null,
            "source": null
          },
          "sensitive_attributes": []
        },
        {
          "index_key": 1,
          "schema_version": 0,
          "attributes": {
            "content": "Hello guys, 123new modification. this is the first terraform code. modifying content",
            "content_base64": null,
            "content_base64sha256": "JH54MT9ha8DHAYkg7N/PjdD92/lMvuHLO5lLbHKc5co=",
            "content_base64sha512": "org3MjKtupuQCg6kxm/6R8YNyk6fMFOgsO8LITH9D6Mnss2p608N/tZePxFCiwCKfcHJnmZ2VX5nUNWBwpWH/Q==",
            "content_md5": "e3654a7fb257b33d6a5f97f305faca2e",
            "content_sha1": "289275b31fd38b6cf805438b7d3c5279dd6026d2",
            "content_sha256": "247e78313f616bc0c7018920ecdfcf8dd0fddbf94cbee1cb3b994b6c729ce5ca",
            "content_sha512": "a2b8373232adba9b900a0ea4c66ffa47c60dca4e9f3053a0b0ef0b2131fd0fa327b2cda9eb4f0dfed65e3f11428b008a7dc1c99e6676557e6750d581c29587fd",
            "directory_permission": "0777",
            "file_permission": "0777",
            "filename": "file2.txt",
            "id": "289275b31fd38b6cf805438b7d3c5279dd6026d2",
            "sensitive_content": null,
            "source": null
          },
          "sensitive_attributes": []
        },
        {
          "index_key": 2,
          "schema_version": 0,
          "attributes": {
            "content": "Hello guys, 123new modification. this is the first terraform code. modifying content",
            "content_base64": null,
            "content_base64sha256": "JH54MT9ha8DHAYkg7N/PjdD92/lMvuHLO5lLbHKc5co=",
            "content_base64sha512": "org3MjKtupuQCg6kxm/6R8YNyk6fMFOgsO8LITH9D6Mnss2p608N/tZePxFCiwCKfcHJnmZ2VX5nUNWBwpWH/Q==",
            "content_md5": "e3654a7fb257b33d6a5f97f305faca2e",
            "content_sha1": "289275b31fd38b6cf805438b7d3c5279dd6026d2",
            "content_sha256": "247e78313f616bc0c7018920ecdfcf8dd0fddbf94cbee1cb3b994b6c729ce5ca",
            "content_sha512": "a2b8373232adba9b900a0ea4c66ffa47c60dca4e9f3053a0b0ef0b2131fd0fa327b2cda9eb4f0dfed65e3f11428b008a7dc1c99e6676557e6750d581c29587fd",
            "directory_permission": "0777",
            "file_permission": "0777",
            "filename": "file3.txt",
            "id": "289275b31fd38b6cf805438b7d3c5279dd6026d2",
            "sensitive_content": null,
            "source": null
          },
          "sensitive_attributes": []
        },
        {
          "index_key": 3,
          "schema_version": 0,
          "attributes": {
            "content": "Hello guys, 123new modification. this is the first terraform code. modifying content",
            "content_base64": null,
            "content_base64sha256": "JH54MT9ha8DHAYkg7N/PjdD92/lMvuHLO5lLbHKc5co=",
            "content_base64sha512": "org3MjKtupuQCg6kxm/6R8YNyk6fMFOgsO8LITH9D6Mnss2p608N/tZePxFCiwCKfcHJnmZ2VX5nUNWBwpWH/Q==",
            "content_md5": "e3654a7fb257b33d6a5f97f305faca2e",
            "content_sha1": "289275b31fd38b6cf805438b7d3c5279dd6026d2",
            "content_sha256": "247e78313f616bc0c7018920ecdfcf8dd0fddbf94cbee1cb3b994b6c729ce5ca",
            "content_sha512": "a2b8373232adba9b900a0ea4c66ffa47c60dca4e9f3053a0b0ef0b2131fd0fa327b2cda9eb4f0dfed65e3f11428b008a7dc1c99e6676557e6750d581c29587fd",
            "directory_permission": "0777",
            "file_permission": "0777",
            "filename": "file4.txt",
            "id": "289275b31fd38b6cf805438b7d3c5279dd6026d2",
            "sensitive_content": null,
            "source": null
          },
          "sensitive_attributes": []
        },
        {
          "index_key": 4,
          "schema_version": 0,
          "attributes": {
            "content": "Hello guys, 123new modification. this is the first terraform code. modifying content",
            "content_base64": null,
            "content_base64sha256": "JH54MT9ha8DHAYkg7N/PjdD92/lMvuHLO5lLbHKc5co=",
            "content_base64sha512": "org3MjKtupuQCg6kxm/6R8YNyk6fMFOgsO8LITH9D6Mnss2p608N/tZePxFCiwCKfcHJnmZ2VX5nUNWBwpWH/Q==",
            "content_md5": "e3654a7fb257b33d6a5f97f305faca2e",
            "content_sha1": "289275b31fd38b6cf805438b7d3c5279dd6026d2",
            "content_sha256": "247e78313f616bc0c7018920ecdfcf8dd0fddbf94cbee1cb3b994b6c729ce5ca",
            "content_sha512": "a2b8373232adba9b900a0ea4c66ffa47c60dca4e9f3053a0b0ef0b2131fd0fa327b2cda9eb4f0dfed65e3f11428b008a7dc1c99e6676557e6750d581c29587fd",
            "directory_permission": "0777",
            "file_permission": "0777",
            "filename": "file5.txt",
            "id": "289275b31fd38b6cf805438b7d3c5279dd6026d2",
            "sensitive_content": null,
            "source": null
          },
          "sensitive_attributes": []
        },
        {
          "index_key": 5,
          "schema_version": 0,
          "attributes": {
            "content": "Hello guys, 123new modification. this is the first terraform code. modifying content",
            "content_base64": null,
            "content_base64sha256": "JH54MT9ha8DHAYkg7N/PjdD92/lMvuHLO5lLbHKc5co=",
            "content_base64sha512": "org3MjKtupuQCg6kxm/6R8YNyk6fMFOgsO8LITH9D6Mnss2p608N/tZePxFCiwCKfcHJnmZ2VX5nUNWBwpWH/Q==",
            "content_md5": "e3654a7fb257b33d6a5f97f305faca2e",
            "content_sha1": "289275b31fd38b6cf805438b7d3c5279dd6026d2",
            "content_sha256": "247e78313f616bc0c7018920ecdfcf8dd0fddbf94cbee1cb3b994b6c729ce5ca",
            "content_sha512": "a2b8373232adba9b900a0ea4c66ffa47c60dca4e9f3053a0b0ef0b2131fd0fa327b2cda9eb4f0dfed65e3f11428b008a7dc1c99e6676557e6750d581c29587fd",
            "directory_permission": "0777",
            "file_permission": "0777",
            "filename": "file6.txt",
            "id": "289275b31fd38b6cf805438b7d3c5279dd6026d2",
            "sensitive_content": null,
            "source": null
          },
          "sensitive_attributes": []
        }
      ]
    },
    {
      "mode": "managed",
      "type": "local_file",
      "name": "my_file2",
      "provider": "provider[\"registry.terraform.io/hashicorp/local\"]",
      "instances": [
        {
          "schema_version": 0,
          "attributes": {
            "content": "Hello guys, 123this is different content",
            "content_base64": null,
            "content_base64sha256": "kGyMLkwCJRAkpBs/BJVtpH3Sypm934WPJWCGZmiZlFo=",
            "content_base64sha512": "lca5t3a1HQKdNdYHzM/TssVO+ZfxWfRxYea3NhkeEfr/Borq7COxYzihPY9RAn2Z3KEPiR5SZ7XET3p/XnIqcw==",
            "content_md5": "f7272bf012e2ea61f11da1130f30d5ed",
            "content_sha1": "13806bccfa8b41e48297f199d9c1ce97222d0a4d",
            "content_sha256": "906c8c2e4c02251024a41b3f04956da47dd2ca99bddf858f256086666899945a",
            "content_sha512": "95c6b9b776b51d029d35d607cccfd3b2c54ef997f159f47161e6b736191e11faff068aeaec23b16338a13d8f51027d99dca10f891e5267b5c44f7a7f5e722a73",
            "directory_permission": "0777",
            "file_permission": "0777",
            "filename": "filenew.txt",
            "id": "13806bccfa8b41e48297f199d9c1ce97222d0a4d",
            "sensitive_content": null,
            "source": null
          },
          "sensitive_attributes": [],
          "dependencies": [
            "local_file.my_file"
          ]
        }
      ]
    },
    {
      "mode": "managed",
      "type": "local_file",
      "name": "my_file3",
      "provider": "provider[\"registry.terraform.io/hashicorp/local\"]",
      "instances": [
        {
          "schema_version": 0,
          "attributes": {
            "content": "Hello, this is Mr-poorly-strangely-daily-secretly-forcibly-composed-marten. I'm here to automate terraform",
            "content_base64": null,
            "content_base64sha256": "99vCuh66eLlOnsPWwbBoWqQVADaOKl4nbvS9pq+mGbY=",
            "content_base64sha512": "DS8NJv4JxfvWb1+FmX4XAhpdtEsXQbv+Y8Y/CC3hYFSUUCInVgJNF/5We4y1AzJuwFb2jIW7vGQvERSNOhi2Hg==",
            "content_md5": "a2c367007cd767d29071e37396f2233e",
            "content_sha1": "37b6453df4050e394ee7800a0e3140e759ad96ff",
            "content_sha256": "f7dbc2ba1eba78b94e9ec3d6c1b0685aa41500368e2a5e276ef4bda6afa619b6",
            "content_sha512": "0d2f0d26fe09c5fbd66f5f85997e17021a5db44b1741bbfe63c63f082de160549450222756024d17fe567b8cb503326ec056f68c85bbbc642f11148d3a18b61e",
            "directory_permission": "0777",
            "file_permission": "0777",
            "filename": "newfile.txt",
            "id": "37b6453df4050e394ee7800a0e3140e759ad96ff",
            "sensitive_content": null,
            "source": null
          },
          "sensitive_attributes": [],
          "dependencies": [
            "local_file.my_file",
            "local_file.my_file2",
            "random_pet.my_pet_name"
          ]
        }
      ]
    },
    {
      "mode": "managed",
      "type": "local_file",
      "name": "setof_files",
      "provider": "provider[\"registry.terraform.io/hashicorp/local\"]",
      "instances": [
        {
          "index_key": 0,
          "schema_version": 0,
          "attributes": {
            "content": "Hello guys, 123new modification. this is the first terraform code. modifying content",
            "content_base64": null,
            "content_base64sha256": "JH54MT9ha8DHAYkg7N/PjdD92/lMvuHLO5lLbHKc5co=",
            "content_base64sha512": "org3MjKtupuQCg6kxm/6R8YNyk6fMFOgsO8LITH9D6Mnss2p608N/tZePxFCiwCKfcHJnmZ2VX5nUNWBwpWH/Q==",
            "content_md5": "e3654a7fb257b33d6a5f97f305faca2e",
            "content_sha1": "289275b31fd38b6cf805438b7d3c5279dd6026d2",
            "content_sha256": "247e78313f616bc0c7018920ecdfcf8dd0fddbf94cbee1cb3b994b6c729ce5ca",
            "content_sha512": "a2b8373232adba9b900a0ea4c66ffa47c60dca4e9f3053a0b0ef0b2131fd0fa327b2cda9eb4f0dfed65e3f11428b008a7dc1c99e6676557e6750d581c29587fd",
            "directory_permission": "0777",
            "file_permission": "0777",
            "filename": "file1.txt",
            "id": "289275b31fd38b6cf805438b7d3c5279dd6026d2",
            "sensitive_content": null,
            "source": null
          },
          "sensitive_attributes": [],
          "dependencies": [
            "local_file.my_file",
            "local_file.my_file2",
            "local_file.my_file3",
            "random_pet.my_pet_name"
          ]
        },
        {
          "index_key": 1,
          "schema_version": 0,
          "attributes": {
            "content": "Hello guys, 123new modification. this is the first terraform code. modifying content",
            "content_base64": null,
            "content_base64sha256": "JH54MT9ha8DHAYkg7N/PjdD92/lMvuHLO5lLbHKc5co=",
            "content_base64sha512": "org3MjKtupuQCg6kxm/6R8YNyk6fMFOgsO8LITH9D6Mnss2p608N/tZePxFCiwCKfcHJnmZ2VX5nUNWBwpWH/Q==",
            "content_md5": "e3654a7fb257b33d6a5f97f305faca2e",
            "content_sha1": "289275b31fd38b6cf805438b7d3c5279dd6026d2",
            "content_sha256": "247e78313f616bc0c7018920ecdfcf8dd0fddbf94cbee1cb3b994b6c729ce5ca",
            "content_sha512": "a2b8373232adba9b900a0ea4c66ffa47c60dca4e9f3053a0b0ef0b2131fd0fa327b2cda9eb4f0dfed65e3f11428b008a7dc1c99e6676557e6750d581c29587fd",
            "directory_permission": "0777",
            "file_permission": "0777",
            "filename": "file2.txt",
            "id": "289275b31fd38b6cf805438b7d3c5279dd6026d2",
            "sensitive_content": null,
            "source": null
          },
          "sensitive_attributes": [],
          "dependencies": [
            "local_file.my_file",
            "local_file.my_file2",
            "local_file.my_file3",
            "random_pet.my_pet_name"
          ]
        },
        {
          "index_key": 2,
          "schema_version": 0,
          "attributes": {
            "content": "Hello guys, 123new modification. this is the first terraform code. modifying content",
            "content_base64": null,
            "content_base64sha256": "JH54MT9ha8DHAYkg7N/PjdD92/lMvuHLO5lLbHKc5co=",
            "content_base64sha512": "org3MjKtupuQCg6kxm/6R8YNyk6fMFOgsO8LITH9D6Mnss2p608N/tZePxFCiwCKfcHJnmZ2VX5nUNWBwpWH/Q==",
            "content_md5": "e3654a7fb257b33d6a5f97f305faca2e",
            "content_sha1": "289275b31fd38b6cf805438b7d3c5279dd6026d2",
            "content_sha256": "247e78313f616bc0c7018920ecdfcf8dd0fddbf94cbee1cb3b994b6c729ce5ca",
            "content_sha512": "a2b8373232adba9b900a0ea4c66ffa47c60dca4e9f3053a0b0ef0b2131fd0fa327b2cda9eb4f0dfed65e3f11428b008a7dc1c99e6676557e6750d581c29587fd",
            "directory_permission": "0777",
            "file_permission": "0777",
            "filename": "file3.txt",
            "id": "289275b31fd38b6cf805438b7d3c5279dd6026d2",
            "sensitive_content": null,
            "source": null
          },
          "sensitive_attributes": [],
          "dependencies": [
            "local_file.my_file",
            "local_file.my_file2",
            "local_file.my_file3",
            "random_pet.my_pet_name"
          ]
        },
        {
          "index_key": 3,
          "schema_version": 0,
          "attributes": {
            "content": "Hello guys, 123new modification. this is the first terraform code. modifying content",
            "content_base64": null,
            "content_base64sha256": "JH54MT9ha8DHAYkg7N/PjdD92/lMvuHLO5lLbHKc5co=",
            "content_base64sha512": "org3MjKtupuQCg6kxm/6R8YNyk6fMFOgsO8LITH9D6Mnss2p608N/tZePxFCiwCKfcHJnmZ2VX5nUNWBwpWH/Q==",
            "content_md5": "e3654a7fb257b33d6a5f97f305faca2e",
            "content_sha1": "289275b31fd38b6cf805438b7d3c5279dd6026d2",
            "content_sha256": "247e78313f616bc0c7018920ecdfcf8dd0fddbf94cbee1cb3b994b6c729ce5ca",
            "content_sha512": "a2b8373232adba9b900a0ea4c66ffa47c60dca4e9f3053a0b0ef0b2131fd0fa327b2cda9eb4f0dfed65e3f11428b008a7dc1c99e6676557e6750d581c29587fd",
            "directory_permission": "0777",
            "file_permission": "0777",
            "filename": "file4.txt",
            "id": "289275b31fd38b6cf805438b7d3c5279dd6026d2",
            "sensitive_content": null,
            "source": null
          },
          "sensitive_attributes": [],
          "dependencies": [
            "local_file.my_file",
            "local_file.my_file2",
            "local_file.my_file3",
            "random_pet.my_pet_name"
          ]
        },
        {
          "index_key": 4,
          "schema_version": 0,
          "attributes": {
            "content": "Hello guys, 123new modification. this is the first terraform code. modifying content",
            "content_base64": null,
            "content_base64sha256": "JH54MT9ha8DHAYkg7N/PjdD92/lMvuHLO5lLbHKc5co=",
            "content_base64sha512": "org3MjKtupuQCg6kxm/6R8YNyk6fMFOgsO8LITH9D6Mnss2p608N/tZePxFCiwCKfcHJnmZ2VX5nUNWBwpWH/Q==",
            "content_md5": "e3654a7fb257b33d6a5f97f305faca2e",
            "content_sha1": "289275b31fd38b6cf805438b7d3c5279dd6026d2",
            "content_sha256": "247e78313f616bc0c7018920ecdfcf8dd0fddbf94cbee1cb3b994b6c729ce5ca",
            "content_sha512": "a2b8373232adba9b900a0ea4c66ffa47c60dca4e9f3053a0b0ef0b2131fd0fa327b2cda9eb4f0dfed65e3f11428b008a7dc1c99e6676557e6750d581c29587fd",
            "directory_permission": "0777",
            "file_permission": "0777",
            "filename": "file5.txt",
            "id": "289275b31fd38b6cf805438b7d3c5279dd6026d2",
            "sensitive_content": null,
            "source": null
          },
          "sensitive_attributes": [],
          "dependencies": [
            "local_file.my_file",
            "local_file.my_file2",
            "local_file.my_file3",
            "random_pet.my_pet_name"
          ]
        },
        {
          "index_key": 5,
          "schema_version": 0,
          "attributes": {
            "content": "Hello guys, 123new modification. this is the first terraform code. modifying content",
            "content_base64": null,
            "content_base64sha256": "JH54MT9ha8DHAYkg7N/PjdD92/lMvuHLO5lLbHKc5co=",
            "content_base64sha512": "org3MjKtupuQCg6kxm/6R8YNyk6fMFOgsO8LITH9D6Mnss2p608N/tZePxFCiwCKfcHJnmZ2VX5nUNWBwpWH/Q==",
            "content_md5": "e3654a7fb257b33d6a5f97f305faca2e",
            "content_sha1": "289275b31fd38b6cf805438b7d3c5279dd6026d2",
            "content_sha256": "247e78313f616bc0c7018920ecdfcf8dd0fddbf94cbee1cb3b994b6c729ce5ca",
            "content_sha512": "a2b8373232adba9b900a0ea4c66ffa47c60dca4e9f3053a0b0ef0b2131fd0fa327b2cda9eb4f0dfed65e3f11428b008a7dc1c99e6676557e6750d581c29587fd",
            "directory_permission": "0777",
            "file_permission": "0777",
            "filename": "file6.txt",
            "id": "289275b31fd38b6cf805438b7d3c5279dd6026d2",
            "sensitive_content": null,
            "source": null
          },
          "sensitive_attributes": [],
          "dependencies": [
            "local_file.my_file",
            "local_file.my_file2",
            "local_file.my_file3",
            "random_pet.my_pet_name"
          ]
        }
      ]
    },
    {
      "mode": "managed",
      "type": "local_file",
      "name": "setof_newfiles",
      "provider": "provider[\"registry.terraform.io/hashicorp/local\"]",
      "instances": [
        {
          "index_key": "1file1.txt",
          "schema_version": 0,
          "attributes": {
            "content": "Hello guys, 123new modification. this is the first terraform code. modifying content",
            "content_base64": null,
            "content_base64sha256": "JH54MT9ha8DHAYkg7N/PjdD92/lMvuHLO5lLbHKc5co=",
            "content_base64sha512": "org3MjKtupuQCg6kxm/6R8YNyk6fMFOgsO8LITH9D6Mnss2p608N/tZePxFCiwCKfcHJnmZ2VX5nUNWBwpWH/Q==",
            "content_md5": "e3654a7fb257b33d6a5f97f305faca2e",
            "content_sha1": "289275b31fd38b6cf805438b7d3c5279dd6026d2",
            "content_sha256": "247e78313f616bc0c7018920ecdfcf8dd0fddbf94cbee1cb3b994b6c729ce5ca",
            "content_sha512": "a2b8373232adba9b900a0ea4c66ffa47c60dca4e9f3053a0b0ef0b2131fd0fa327b2cda9eb4f0dfed65e3f11428b008a7dc1c99e6676557e6750d581c29587fd",
            "directory_permission": "0777",
            "file_permission": "0777",
            "filename": "1file1.txt",
            "id": "289275b31fd38b6cf805438b7d3c5279dd6026d2",
            "sensitive_content": null,
            "source": null
          },
          "sensitive_attributes": []
        },
        {
          "index_key": "1file2.txt",
          "schema_version": 0,
          "attributes": {
            "content": "Hello guys, 123new modification. this is the first terraform code. modifying content",
            "content_base64": null,
            "content_base64sha256": "JH54MT9ha8DHAYkg7N/PjdD92/lMvuHLO5lLbHKc5co=",
            "content_base64sha512": "org3MjKtupuQCg6kxm/6R8YNyk6fMFOgsO8LITH9D6Mnss2p608N/tZePxFCiwCKfcHJnmZ2VX5nUNWBwpWH/Q==",
            "content_md5": "e3654a7fb257b33d6a5f97f305faca2e",
            "content_sha1": "289275b31fd38b6cf805438b7d3c5279dd6026d2",
            "content_sha256": "247e78313f616bc0c7018920ecdfcf8dd0fddbf94cbee1cb3b994b6c729ce5ca",
            "content_sha512": "a2b8373232adba9b900a0ea4c66ffa47c60dca4e9f3053a0b0ef0b2131fd0fa327b2cda9eb4f0dfed65e3f11428b008a7dc1c99e6676557e6750d581c29587fd",
            "directory_permission": "0777",
            "file_permission": "0777",
            "filename": "1file2.txt",
            "id": "289275b31fd38b6cf805438b7d3c5279dd6026d2",
            "sensitive_content": null,
            "source": null
          },
          "sensitive_attributes": []
        },
        {
          "index_key": "1file3.txt",
          "schema_version": 0,
          "attributes": {
            "content": "Hello guys, 123new modification. this is the first terraform code. modifying content",
            "content_base64": null,
            "content_base64sha256": "JH54MT9ha8DHAYkg7N/PjdD92/lMvuHLO5lLbHKc5co=",
            "content_base64sha512": "org3MjKtupuQCg6kxm/6R8YNyk6fMFOgsO8LITH9D6Mnss2p608N/tZePxFCiwCKfcHJnmZ2VX5nUNWBwpWH/Q==",
            "content_md5": "e3654a7fb257b33d6a5f97f305faca2e",
            "content_sha1": "289275b31fd38b6cf805438b7d3c5279dd6026d2",
            "content_sha256": "247e78313f616bc0c7018920ecdfcf8dd0fddbf94cbee1cb3b994b6c729ce5ca",
            "content_sha512": "a2b8373232adba9b900a0ea4c66ffa47c60dca4e9f3053a0b0ef0b2131fd0fa327b2cda9eb4f0dfed65e3f11428b008a7dc1c99e6676557e6750d581c29587fd",
            "directory_permission": "0777",
            "file_permission": "0777",
            "filename": "1file3.txt",
            "id": "289275b31fd38b6cf805438b7d3c5279dd6026d2",
            "sensitive_content": null,
            "source": null
          },
          "sensitive_attributes": []
        },
        {
          "index_key": "1file4.txt",
          "schema_version": 0,
          "attributes": {
            "content": "Hello guys, 123new modification. this is the first terraform code. modifying content",
            "content_base64": null,
            "content_base64sha256": "JH54MT9ha8DHAYkg7N/PjdD92/lMvuHLO5lLbHKc5co=",
            "content_base64sha512": "org3MjKtupuQCg6kxm/6R8YNyk6fMFOgsO8LITH9D6Mnss2p608N/tZePxFCiwCKfcHJnmZ2VX5nUNWBwpWH/Q==",
            "content_md5": "e3654a7fb257b33d6a5f97f305faca2e",
            "content_sha1": "289275b31fd38b6cf805438b7d3c5279dd6026d2",
            "content_sha256": "247e78313f616bc0c7018920ecdfcf8dd0fddbf94cbee1cb3b994b6c729ce5ca",
            "content_sha512": "a2b8373232adba9b900a0ea4c66ffa47c60dca4e9f3053a0b0ef0b2131fd0fa327b2cda9eb4f0dfed65e3f11428b008a7dc1c99e6676557e6750d581c29587fd",
            "directory_permission": "0777",
            "file_permission": "0777",
            "filename": "1file4.txt",
            "id": "289275b31fd38b6cf805438b7d3c5279dd6026d2",
            "sensitive_content": null,
            "source": null
          },
          "sensitive_attributes": []
        },
        {
          "index_key": "1file5.txt",
          "schema_version": 0,
          "attributes": {
            "content": "Hello guys, 123new modification. this is the first terraform code. modifying content",
            "content_base64": null,
            "content_base64sha256": "JH54MT9ha8DHAYkg7N/PjdD92/lMvuHLO5lLbHKc5co=",
            "content_base64sha512": "org3MjKtupuQCg6kxm/6R8YNyk6fMFOgsO8LITH9D6Mnss2p608N/tZePxFCiwCKfcHJnmZ2VX5nUNWBwpWH/Q==",
            "content_md5": "e3654a7fb257b33d6a5f97f305faca2e",
            "content_sha1": "289275b31fd38b6cf805438b7d3c5279dd6026d2",
            "content_sha256": "247e78313f616bc0c7018920ecdfcf8dd0fddbf94cbee1cb3b994b6c729ce5ca",
            "content_sha512": "a2b8373232adba9b900a0ea4c66ffa47c60dca4e9f3053a0b0ef0b2131fd0fa327b2cda9eb4f0dfed65e3f11428b008a7dc1c99e6676557e6750d581c29587fd",
            "directory_permission": "0777",
            "file_permission": "0777",
            "filename": "1file5.txt",
            "id": "289275b31fd38b6cf805438b7d3c5279dd6026d2",
            "sensitive_content": null,
            "source": null
          },
          "sensitive_attributes": []
        },
        {
          "index_key": "1file6.txt",
          "schema_version": 0,
          "attributes": {
            "content": "Hello guys, 123new modification. this is the first terraform code. modifying content",
            "content_base64": null,
            "content_base64sha256": "JH54MT9ha8DHAYkg7N/PjdD92/lMvuHLO5lLbHKc5co=",
            "content_base64sha512": "org3MjKtupuQCg6kxm/6R8YNyk6fMFOgsO8LITH9D6Mnss2p608N/tZePxFCiwCKfcHJnmZ2VX5nUNWBwpWH/Q==",
            "content_md5": "e3654a7fb257b33d6a5f97f305faca2e",
            "content_sha1": "289275b31fd38b6cf805438b7d3c5279dd6026d2",
            "content_sha256": "247e78313f616bc0c7018920ecdfcf8dd0fddbf94cbee1cb3b994b6c729ce5ca",
            "content_sha512": "a2b8373232adba9b900a0ea4c66ffa47c60dca4e9f3053a0b0ef0b2131fd0fa327b2cda9eb4f0dfed65e3f11428b008a7dc1c99e6676557e6750d581c29587fd",
            "directory_permission": "0777",
            "file_permission": "0777",
            "filename": "1file6.txt",
            "id": "289275b31fd38b6cf805438b7d3c5279dd6026d2",
            "sensitive_content": null,
            "source": null
          },
          "sensitive_attributes": []
        }
      ]
    },
    {
      "mode": "managed",
      "type": "random_pet",
      "name": "my_pet_name",
      "provider": "provider[\"registry.terraform.io/hashicorp/random\"]",
      "instances": [
        {
          "schema_version": 0,
          "attributes": {
            "id": "Mr-poorly-strangely-daily-secretly-forcibly-composed-marten",
            "keepers": null,
            "length": 7,
            "prefix": "Mr",
            "separator": "-"
          },
          "sensitive_attributes": [],
          "dependencies": [
            "local_file.my_file",
            "local_file.my_file2"
          ]
        }
      ]
    }
  ],
  "check_results": null
}
